
Microsoft Visual Studio Solution File, Format Version 12.00
# Visual Studio 2012
Project("{FAE04EC0-301F-11D3-BF4B-00C04F79EFBC}") = "RhinoMocksPlaything", "RhinoMocksPlaything\RhinoMocksPlaything.csproj", "{95365806-C72B-47A2-956C-E411C108274B}"
EndProject
Project("{FAE04EC0-301F-11D3-BF4B-00C04F79EFBC}") = "RhinoMocksPlaything.Tests", "RhinoMocksPlaything.Tests\RhinoMocksPlaything.Tests.csproj", "{0BFD7E1D-A385-4491-AF8B-B0132DD051E9}"
EndProject
Project("{2150E333-8FDC-42A3-9474-1A3956D46DE8}") = ".nuget", ".nuget", "{2E16C4D0-C157-4154-87A4-1104F72D7748}"
	ProjectSection(SolutionItems) = preProject
		.nuget\NuGet.Config = .nuget\NuGet.Config
		.nuget\NuGet.exe = .nuget\NuGet.exe
		.nuget\NuGet.targets = .nuget\NuGet.targets
	EndProjectSection
EndProject
Project("{FAE04EC0-301F-11D3-BF4B-00C04F79EFBC}") = "RhinoMocksPlaything.Repositories.Tests", "RhinoMocksPlaything.Repositories.Tests\RhinoMocksPlaything.Repositories.Tests.csproj", "{4B716F0F-C0BB-492C-8CAD-8DF1777B7916}"
EndProject
Project("{FAE04EC0-301F-11D3-BF4B-00C04F79EFBC}") = "RhinoMocksPlaything.Repositories", "RhinoMocksPlaything.Repositories\RhinoMocksPlaything.Repositories.csproj", "{44782598-AE08-4FFC-9042-D41246BB10D1}"
EndProject
Project("{FAE04EC0-301F-11D3-BF4B-00C04F79EFBC}") = "RhinoMocksPlaything.Tests.Support", "RhinoMocksPlaything.Tests.Support\RhinoMocksPlaything.Tests.Support.csproj", "{F6003665-77A3-4E06-AAED-5A740A8DE05C}"
EndProject
Project("{FAE04EC0-301F-11D3-BF4B-00C04F79EFBC}") = "RhinoMocksPlaything.Web", "RhinoMocksPlaything.Web\RhinoMocksPlaything.Web.csproj", "{428EAE4B-113F-4B8B-9CE2-EEB46435C617}"
EndProject
Project("{FAE04EC0-301F-11D3-BF4B-00C04F79EFBC}") = "RhinoMocksPlaything.Web.Tests", "RhinoMocksPlaything.Web.Tests\RhinoMocksPlaything.Web.Tests.csproj", "{8D97DC9E-DB3E-4B84-8950-DBB249F8F5CC}"
EndProject
Project("{2150E333-8FDC-42A3-9474-1A3956D46DE8}") = "Tests", "Tests", "{035CF3D7-D476-458E-BD1A-195F038D2128}"
EndProject
Global
	GlobalSection(SolutionConfigurationPlatforms) = preSolution
		Debug|Any CPU = Debug|Any CPU
		Release|Any CPU = Release|Any CPU
	EndGlobalSection
	GlobalSection(ProjectConfigurationPlatforms) = postSolution
		{95365806-C72B-47A2-956C-E411C108274B}.Debug|Any CPU.ActiveCfg = Debug|Any CPU
		{95365806-C72B-47A2-956C-E411C108274B}.Debug|Any CPU.Build.0 = Debug|Any CPU
		{95365806-C72B-47A2-956C-E411C108274B}.Release|Any CPU.ActiveCfg = Release|Any CPU
		{95365806-C72B-47A2-956C-E411C108274B}.Release|Any CPU.Build.0 = Release|Any CPU
		{0BFD7E1D-A385-4491-AF8B-B0132DD051E9}.Debug|Any CPU.ActiveCfg = Debug|Any CPU
		{0BFD7E1D-A385-4491-AF8B-B0132DD051E9}.Debug|Any CPU.Build.0 = Debug|Any CPU
		{0BFD7E1D-A385-4491-AF8B-B0132DD051E9}.Release|Any CPU.ActiveCfg = Release|Any CPU
		{0BFD7E1D-A385-4491-AF8B-B0132DD051E9}.Release|Any CPU.Build.0 = Release|Any CPU
		{4B716F0F-C0BB-492C-8CAD-8DF1777B7916}.Debug|Any CPU.ActiveCfg = Debug|Any CPU
		{4B716F0F-C0BB-492C-8CAD-8DF1777B7916}.Debug|Any CPU.Build.0 = Debug|Any CPU
		{4B716F0F-C0BB-492C-8CAD-8DF1777B7916}.Release|Any CPU.ActiveCfg = Release|Any CPU
		{4B716F0F-C0BB-492C-8CAD-8DF1777B7916}.Release|Any CPU.Build.0 = Release|Any CPU
		{44782598-AE08-4FFC-9042-D41246BB10D1}.Debug|Any CPU.ActiveCfg = Debug|Any CPU
		{44782598-AE08-4FFC-9042-D41246BB10D1}.Debug|Any CPU.Build.0 = Debug|Any CPU
		{44782598-AE08-4FFC-9042-D41246BB10D1}.Release|Any CPU.ActiveCfg = Release|Any CPU
		{44782598-AE08-4FFC-9042-D41246BB10D1}.Release|Any CPU.Build.0 = Release|Any CPU
		{F6003665-77A3-4E06-AAED-5A740A8DE05C}.Debug|Any CPU.ActiveCfg = Debug|Any CPU
		{F6003665-77A3-4E06-AAED-5A740A8DE05C}.Debug|Any CPU.Build.0 = Debug|Any CPU
		{F6003665-77A3-4E06-AAED-5A740A8DE05C}.Release|Any CPU.ActiveCfg = Release|Any CPU
		{F6003665-77A3-4E06-AAED-5A740A8DE05C}.Release|Any CPU.Build.0 = Release|Any CPU
		{428EAE4B-113F-4B8B-9CE2-EEB46435C617}.Debug|Any CPU.ActiveCfg = Debug|Any CPU
		{428EAE4B-113F-4B8B-9CE2-EEB46435C617}.Debug|Any CPU.Build.0 = Debug|Any CPU
		{428EAE4B-113F-4B8B-9CE2-EEB46435C617}.Release|Any CPU.ActiveCfg = Release|Any CPU
		{428EAE4B-113F-4B8B-9CE2-EEB46435C617}.Release|Any CPU.Build.0 = Release|Any CPU
		{8D97DC9E-DB3E-4B84-8950-DBB249F8F5CC}.Debug|Any CPU.ActiveCfg = Debug|Any CPU
		{8D97DC9E-DB3E-4B84-8950-DBB249F8F5CC}.Debug|Any CPU.Build.0 = Debug|Any CPU
		{8D97DC9E-DB3E-4B84-8950-DBB249F8F5CC}.Release|Any CPU.ActiveCfg = Release|Any CPU
		{8D97DC9E-DB3E-4B84-8950-DBB249F8F5CC}.Release|Any CPU.Build.0 = Release|Any CPU
	EndGlobalSection
	GlobalSection(SolutionProperties) = preSolution
		HideSolutionNode = FALSE
	EndGlobalSection
	GlobalSection(NestedProjects) = preSolution
		{4B716F0F-C0BB-492C-8CAD-8DF1777B7916} = {035CF3D7-D476-458E-BD1A-195F038D2128}
		{0BFD7E1D-A385-4491-AF8B-B0132DD051E9} = {035CF3D7-D476-458E-BD1A-195F038D2128}
		{F6003665-77A3-4E06-AAED-5A740A8DE05C} = {035CF3D7-D476-458E-BD1A-195F038D2128}
		{8D97DC9E-DB3E-4B84-8950-DBB249F8F5CC} = {035CF3D7-D476-458E-BD1A-195F038D2128}
	EndGlobalSection
EndGlobal
